
Microsoft Visual Studio Solution File, Format Version 12.00
# Visual Studio 14
VisualStudioVersion = 14.0.24720.0
MinimumVisualStudioVersion = 10.0.40219.1
Project("{FAE04EC0-301F-11D3-BF4B-00C04F79EFBC}") = "Task1", "Task1\Task1.csproj", "{C18D16EB-8795-4E52-9591-6DA5C3898758}"
EndProject
Project("{FAE04EC0-301F-11D3-BF4B-00C04F79EFBC}") = "Task2", "Task2\Task2.csproj", "{293161D9-0AC1-457C-B00D-3412CAAC1D72}"
EndProject
Project("{FAE04EC0-301F-11D3-BF4B-00C04F79EFBC}") = "Task3", "Task3\Task3.csproj", "{546782D8-3389-4A6B-8F64-F662F05EC04D}"
EndProject
Project("{FAE04EC0-301F-11D3-BF4B-00C04F79EFBC}") = "Task4", "Task4\Task4.csproj", "{5A04334C-1A09-4836-B262-BDD09A98DA08}"
EndProject
Project("{FAE04EC0-301F-11D3-BF4B-00C04F79EFBC}") = "Task5", "Task5\Task5.csproj", "{C53CDD51-7951-4FEB-A07E-54D58F4F86CC}"
EndProject
Global
	GlobalSection(SolutionConfigurationPlatforms) = preSolution
		Debug|Any CPU = Debug|Any CPU
		Release|Any CPU = Release|Any CPU
	EndGlobalSection
	GlobalSection(ProjectConfigurationPlatforms) = postSolution
		{C18D16EB-8795-4E52-9591-6DA5C3898758}.Debug|Any CPU.ActiveCfg = Debug|Any CPU
		{C18D16EB-8795-4E52-9591-6DA5C3898758}.Debug|Any CPU.Build.0 = Debug|Any CPU
		{C18D16EB-8795-4E52-9591-6DA5C3898758}.Release|Any CPU.ActiveCfg = Release|Any CPU
		{C18D16EB-8795-4E52-9591-6DA5C3898758}.Release|Any CPU.Build.0 = Release|Any CPU
		{293161D9-0AC1-457C-B00D-3412CAAC1D72}.Debug|Any CPU.ActiveCfg = Debug|Any CPU
		{293161D9-0AC1-457C-B00D-3412CAAC1D72}.Debug|Any CPU.Build.0 = Debug|Any CPU
		{293161D9-0AC1-457C-B00D-3412CAAC1D72}.Release|Any CPU.ActiveCfg = Release|Any CPU
		{293161D9-0AC1-457C-B00D-3412CAAC1D72}.Release|Any CPU.Build.0 = Release|Any CPU
		{546782D8-3389-4A6B-8F64-F662F05EC04D}.Debug|Any CPU.ActiveCfg = Debug|Any CPU
		{546782D8-3389-4A6B-8F64-F662F05EC04D}.Debug|Any CPU.Build.0 = Debug|Any CPU
		{546782D8-3389-4A6B-8F64-F662F05EC04D}.Release|Any CPU.ActiveCfg = Release|Any CPU
		{546782D8-3389-4A6B-8F64-F662F05EC04D}.Release|Any CPU.Build.0 = Release|Any CPU
		{5A04334C-1A09-4836-B262-BDD09A98DA08}.Debug|Any CPU.ActiveCfg = Debug|Any CPU
		{5A04334C-1A09-4836-B262-BDD09A98DA08}.Debug|Any CPU.Build.0 = Debug|Any CPU
		{5A04334C-1A09-4836-B262-BDD09A98DA08}.Release|Any CPU.ActiveCfg = Release|Any CPU
		{5A04334C-1A09-4836-B262-BDD09A98DA08}.Release|Any CPU.Build.0 = Release|Any CPU
		{C53CDD51-7951-4FEB-A07E-54D58F4F86CC}.Debug|Any CPU.ActiveCfg = Debug|Any CPU
		{C53CDD51-7951-4FEB-A07E-54D58F4F86CC}.Debug|Any CPU.Build.0 = Debug|Any CPU
		{C53CDD51-7951-4FEB-A07E-54D58F4F86CC}.Release|Any CPU.ActiveCfg = Release|Any CPU
		{C53CDD51-7951-4FEB-A07E-54D58F4F86CC}.Release|Any CPU.Build.0 = Release|Any CPU
	EndGlobalSection
	GlobalSection(SolutionProperties) = preSolution
		HideSolutionNode = FALSE
	EndGlobalSection
EndGlobal
